
Microsoft Visual Studio Solution File, Format Version 12.00
# Visual Studio 15
VisualStudioVersion = 15.0.28307.1082
MinimumVisualStudioVersion = 10.0.40219.1
Project("{FAE04EC0-301F-11D3-BF4B-00C04F79EFBC}") = "Linq", "Linq\Linq.csproj", "{B9D79B3D-A032-43D0-BAE4-9A30B97CA43C}"
EndProject
Global
	GlobalSection(SolutionConfigurationPlatforms) = preSolution
		Debug|Any CPU = Debug|Any CPU
		Release|Any CPU = Release|Any CPU
	EndGlobalSection
	GlobalSection(ProjectConfigurationPlatforms) = postSolution
		{B9D79B3D-A032-43D0-BAE4-9A30B97CA43C}.Debug|Any CPU.ActiveCfg = Debug|Any CPU
		{B9D79B3D-A032-43D0-BAE4-9A30B97CA43C}.Debug|Any CPU.Build.0 = Debug|Any CPU
		{B9D79B3D-A032-43D0-BAE4-9A30B97CA43C}.Release|Any CPU.ActiveCfg = Release|Any CPU
		{B9D79B3D-A032-43D0-BAE4-9A30B97CA43C}.Release|Any CPU.Build.0 = Release|Any CPU
	EndGlobalSection
	GlobalSection(SolutionProperties) = preSolution
		HideSolutionNode = FALSE
	EndGlobalSection
	GlobalSection(ExtensibilityGlobals) = postSolution
		SolutionGuid = {B183A9D0-E6B2-40B5-9245-5DD3D4615CC7}
	EndGlobalSection
EndGlobal
